// !$*UTF8*$!
{
	archiveVersion = 1;
	classes = {
	};
	objectVersion = 46;
	objects = {

/* Begin PBXBuildFile section */
		AED0248684993CD01926A66B /* libPods-TutuTestApp.a in Frameworks */ = {isa = PBXBuildFile; fileRef = 75A5A50DB7DB62031AE8E6CB /* libPods-TutuTestApp.a */; };
		D13C20071DF87B6000087D16 /* main.m in Sources */ = {isa = PBXBuildFile; fileRef = D13C20061DF87B6000087D16 /* main.m */; };
		D13C200A1DF87B6000087D16 /* AppDelegate.m in Sources */ = {isa = PBXBuildFile; fileRef = D13C20091DF87B6000087D16 /* AppDelegate.m */; };
		D13C20101DF87B6000087D16 /* Main.storyboard in Resources */ = {isa = PBXBuildFile; fileRef = D13C200E1DF87B6000087D16 /* Main.storyboard */; };
		D13C20151DF87B6000087D16 /* LaunchScreen.storyboard in Resources */ = {isa = PBXBuildFile; fileRef = D13C20131DF87B6000087D16 /* LaunchScreen.storyboard */; };
		D13C20201DF87B6000087D16 /* TutuTestAppTests.m in Sources */ = {isa = PBXBuildFile; fileRef = D13C201F1DF87B6000087D16 /* TutuTestAppTests.m */; };
		D13C202E1DF9F3BB00087D16 /* ScheduleTableViewController.m in Sources */ = {isa = PBXBuildFile; fileRef = D13C202D1DF9F3BB00087D16 /* ScheduleTableViewController.m */; };
		D176CF371DFA26780093D3FD /* ModelPoint.m in Sources */ = {isa = PBXBuildFile; fileRef = D176CF361DFA26780093D3FD /* ModelPoint.m */; };
		D176CF3A1DFA26930093D3FD /* ModelCity.m in Sources */ = {isa = PBXBuildFile; fileRef = D176CF391DFA26930093D3FD /* ModelCity.m */; };
		D176CF3D1DFA26B90093D3FD /* ModelCities.m in Sources */ = {isa = PBXBuildFile; fileRef = D176CF3C1DFA26B90093D3FD /* ModelCities.m */; };
		D176CF401DFA26D50093D3FD /* ModelStation.m in Sources */ = {isa = PBXBuildFile; fileRef = D176CF3F1DFA26D50093D3FD /* ModelStation.m */; };
		D176CF431DFA28F60093D3FD /* JSONReader.m in Sources */ = {isa = PBXBuildFile; fileRef = D176CF421DFA28F60093D3FD /* JSONReader.m */; };
		D176CF451DFA98490093D3FD /* allStations.json in Resources */ = {isa = PBXBuildFile; fileRef = D176CF441DFA98490093D3FD /* allStations.json */; };
		D176CF481DFB07700093D3FD /* ListTableViewController.m in Sources */ = {isa = PBXBuildFile; fileRef = D176CF471DFB07700093D3FD /* ListTableViewController.m */; };
		D176CF4B1DFB081A0093D3FD /* MapKit.framework in Frameworks */ = {isa = PBXBuildFile; fileRef = D176CF4A1DFB081A0093D3FD /* MapKit.framework */; };
		D176CF4E1DFB08670093D3FD /* DetailsViewController.m in Sources */ = {isa = PBXBuildFile; fileRef = D176CF4D1DFB08670093D3FD /* DetailsViewController.m */; };
		D176CF511DFB20120093D3FD /* StationsListTableViewCell.m in Sources */ = {isa = PBXBuildFile; fileRef = D176CF501DFB20120093D3FD /* StationsListTableViewCell.m */; };
		D176CF571DFD66F30093D3FD /* Assets.xcassets in Resources */ = {isa = PBXBuildFile; fileRef = D176CF561DFD66F30093D3FD /* Assets.xcassets */; };
		D176CF5A1DFD87130093D3FD /* CalendarViewController.m in Sources */ = {isa = PBXBuildFile; fileRef = D176CF591DFD87130093D3FD /* CalendarViewController.m */; };
		D176CF5D1DFDBBF40093D3FD /* Constants.m in Sources */ = {isa = PBXBuildFile; fileRef = D176CF5C1DFDBBF40093D3FD /* Constants.m */; };
		F1E889216F4368986114F159 /* libPods-TutuTestAppTests.a in Frameworks */ = {isa = PBXBuildFile; fileRef = 2A81406F01E130A9F1143744 /* libPods-TutuTestAppTests.a */; };
/* End PBXBuildFile section */

/* Begin PBXContainerItemProxy section */
		D13C201C1DF87B6000087D16 /* PBXContainerItemProxy */ = {
			isa = PBXContainerItemProxy;
			containerPortal = D13C1FFA1DF87B5F00087D16 /* Project object */;
			proxyType = 1;
			remoteGlobalIDString = D13C20011DF87B5F00087D16;
			remoteInfo = TutuTestApp;
		};
/* End PBXContainerItemProxy section */

/* Begin PBXFileReference section */
		2A81406F01E130A9F1143744 /* libPods-TutuTestAppTests.a */ = {isa = PBXFileReference; explicitFileType = archive.ar; includeInIndex = 0; path = "libPods-TutuTestAppTests.a"; sourceTree = BUILT_PRODUCTS_DIR; };
		4B597E88350182983EE17D42 /* Pods-TutuTestApp.debug.xcconfig */ = {isa = PBXFileReference; includeInIndex = 1; lastKnownFileType = text.xcconfig; name = "Pods-TutuTestApp.debug.xcconfig"; path = "Pods/Target Support Files/Pods-TutuTestApp/Pods-TutuTestApp.debug.xcconfig"; sourceTree = "<group>"; };
		75A5A50DB7DB62031AE8E6CB /* libPods-TutuTestApp.a */ = {isa = PBXFileReference; explicitFileType = archive.ar; includeInIndex = 0; path = "libPods-TutuTestApp.a"; sourceTree = BUILT_PRODUCTS_DIR; };
		8D231B6AE36577C2D73906FC /* Pods-TutuTestAppTests.release.xcconfig */ = {isa = PBXFileReference; includeInIndex = 1; lastKnownFileType = text.xcconfig; name = "Pods-TutuTestAppTests.release.xcconfig"; path = "Pods/Target Support Files/Pods-TutuTestAppTests/Pods-TutuTestAppTests.release.xcconfig"; sourceTree = "<group>"; };
		D13C20021DF87B5F00087D16 /* TutuTestApp.app */ = {isa = PBXFileReference; explicitFileType = wrapper.application; includeInIndex = 0; path = TutuTestApp.app; sourceTree = BUILT_PRODUCTS_DIR; };
		D13C20061DF87B6000087D16 /* main.m */ = {isa = PBXFileReference; lastKnownFileType = sourcecode.c.objc; path = main.m; sourceTree = "<group>"; };
		D13C20081DF87B6000087D16 /* AppDelegate.h */ = {isa = PBXFileReference; lastKnownFileType = sourcecode.c.h; path = AppDelegate.h; sourceTree = "<group>"; };
		D13C20091DF87B6000087D16 /* AppDelegate.m */ = {isa = PBXFileReference; lastKnownFileType = sourcecode.c.objc; path = AppDelegate.m; sourceTree = "<group>"; };
		D13C200F1DF87B6000087D16 /* Base */ = {isa = PBXFileReference; lastKnownFileType = file.storyboard; name = Base; path = Base.lproj/Main.storyboard; sourceTree = "<group>"; };
		D13C20141DF87B6000087D16 /* Base */ = {isa = PBXFileReference; lastKnownFileType = file.storyboard; name = Base; path = Base.lproj/LaunchScreen.storyboard; sourceTree = "<group>"; };
		D13C20161DF87B6000087D16 /* Info.plist */ = {isa = PBXFileReference; lastKnownFileType = text.plist.xml; path = Info.plist; sourceTree = "<group>"; };
		D13C201B1DF87B6000087D16 /* TutuTestAppTests.xctest */ = {isa = PBXFileReference; explicitFileType = wrapper.cfbundle; includeInIndex = 0; path = TutuTestAppTests.xctest; sourceTree = BUILT_PRODUCTS_DIR; };
		D13C201F1DF87B6000087D16 /* TutuTestAppTests.m */ = {isa = PBXFileReference; lastKnownFileType = sourcecode.c.objc; path = TutuTestAppTests.m; sourceTree = "<group>"; };
		D13C20211DF87B6000087D16 /* Info.plist */ = {isa = PBXFileReference; lastKnownFileType = text.plist.xml; path = Info.plist; sourceTree = "<group>"; };
		D13C202C1DF9F3BB00087D16 /* ScheduleTableViewController.h */ = {isa = PBXFileReference; fileEncoding = 4; lastKnownFileType = sourcecode.c.h; path = ScheduleTableViewController.h; sourceTree = "<group>"; };
		D13C202D1DF9F3BB00087D16 /* ScheduleTableViewController.m */ = {isa = PBXFileReference; fileEncoding = 4; lastKnownFileType = sourcecode.c.objc; path = ScheduleTableViewController.m; sourceTree = "<group>"; };
		D176CF351DFA26780093D3FD /* ModelPoint.h */ = {isa = PBXFileReference; fileEncoding = 4; lastKnownFileType = sourcecode.c.h; path = ModelPoint.h; sourceTree = "<group>"; };
		D176CF361DFA26780093D3FD /* ModelPoint.m */ = {isa = PBXFileReference; fileEncoding = 4; lastKnownFileType = sourcecode.c.objc; path = ModelPoint.m; sourceTree = "<group>"; };
		D176CF381DFA26930093D3FD /* ModelCity.h */ = {isa = PBXFileReference; fileEncoding = 4; lastKnownFileType = sourcecode.c.h; path = ModelCity.h; sourceTree = "<group>"; };
		D176CF391DFA26930093D3FD /* ModelCity.m */ = {isa = PBXFileReference; fileEncoding = 4; lastKnownFileType = sourcecode.c.objc; path = ModelCity.m; sourceTree = "<group>"; };
		D176CF3B1DFA26B90093D3FD /* ModelCities.h */ = {isa = PBXFileReference; fileEncoding = 4; lastKnownFileType = sourcecode.c.h; path = ModelCities.h; sourceTree = "<group>"; };
		D176CF3C1DFA26B90093D3FD /* ModelCities.m */ = {isa = PBXFileReference; fileEncoding = 4; lastKnownFileType = sourcecode.c.objc; path = ModelCities.m; sourceTree = "<group>"; };
		D176CF3E1DFA26D50093D3FD /* ModelStation.h */ = {isa = PBXFileReference; fileEncoding = 4; lastKnownFileType = sourcecode.c.h; path = ModelStation.h; sourceTree = "<group>"; };
		D176CF3F1DFA26D50093D3FD /* ModelStation.m */ = {isa = PBXFileReference; fileEncoding = 4; lastKnownFileType = sourcecode.c.objc; path = ModelStation.m; sourceTree = "<group>"; };
		D176CF411DFA28F60093D3FD /* JSONReader.h */ = {isa = PBXFileReference; fileEncoding = 4; lastKnownFileType = sourcecode.c.h; path = JSONReader.h; sourceTree = "<group>"; };
		D176CF421DFA28F60093D3FD /* JSONReader.m */ = {isa = PBXFileReference; fileEncoding = 4; lastKnownFileType = sourcecode.c.objc; path = JSONReader.m; sourceTree = "<group>"; };
		D176CF441DFA98490093D3FD /* allStations.json */ = {isa = PBXFileReference; fileEncoding = 4; lastKnownFileType = text.json; path = allStations.json; sourceTree = "<group>"; };
		D176CF461DFB07700093D3FD /* ListTableViewController.h */ = {isa = PBXFileReference; fileEncoding = 4; lastKnownFileType = sourcecode.c.h; path = ListTableViewController.h; sourceTree = "<group>"; };
		D176CF471DFB07700093D3FD /* ListTableViewController.m */ = {isa = PBXFileReference; fileEncoding = 4; lastKnownFileType = sourcecode.c.objc; path = ListTableViewController.m; sourceTree = "<group>"; };
		D176CF4A1DFB081A0093D3FD /* MapKit.framework */ = {isa = PBXFileReference; lastKnownFileType = wrapper.framework; name = MapKit.framework; path = System/Library/Frameworks/MapKit.framework; sourceTree = SDKROOT; };
		D176CF4C1DFB08670093D3FD /* DetailsViewController.h */ = {isa = PBXFileReference; fileEncoding = 4; lastKnownFileType = sourcecode.c.h; path = DetailsViewController.h; sourceTree = "<group>"; };
		D176CF4D1DFB08670093D3FD /* DetailsViewController.m */ = {isa = PBXFileReference; fileEncoding = 4; lastKnownFileType = sourcecode.c.objc; path = DetailsViewController.m; sourceTree = "<group>"; };
		D176CF4F1DFB20120093D3FD /* StationsListTableViewCell.h */ = {isa = PBXFileReference; fileEncoding = 4; lastKnownFileType = sourcecode.c.h; path = StationsListTableViewCell.h; sourceTree = "<group>"; };
		D176CF501DFB20120093D3FD /* StationsListTableViewCell.m */ = {isa = PBXFileReference; fileEncoding = 4; lastKnownFileType = sourcecode.c.objc; path = StationsListTableViewCell.m; sourceTree = "<group>"; };
		D176CF561DFD66F30093D3FD /* Assets.xcassets */ = {isa = PBXFileReference; lastKnownFileType = folder.assetcatalog; path = Assets.xcassets; sourceTree = "<group>"; };
		D176CF581DFD87130093D3FD /* CalendarViewController.h */ = {isa = PBXFileReference; fileEncoding = 4; lastKnownFileType = sourcecode.c.h; path = CalendarViewController.h; sourceTree = "<group>"; };
		D176CF591DFD87130093D3FD /* CalendarViewController.m */ = {isa = PBXFileReference; fileEncoding = 4; lastKnownFileType = sourcecode.c.objc; path = CalendarViewController.m; sourceTree = "<group>"; };
		D176CF5B1DFDBBF40093D3FD /* Constants.h */ = {isa = PBXFileReference; fileEncoding = 4; lastKnownFileType = sourcecode.c.h; path = Constants.h; sourceTree = "<group>"; };
		D176CF5C1DFDBBF40093D3FD /* Constants.m */ = {isa = PBXFileReference; fileEncoding = 4; lastKnownFileType = sourcecode.c.objc; path = Constants.m; sourceTree = "<group>"; };
		E1B237011AD9A5A73878EBC6 /* Pods-TutuTestAppTests.debug.xcconfig */ = {isa = PBXFileReference; includeInIndex = 1; lastKnownFileType = text.xcconfig; name = "Pods-TutuTestAppTests.debug.xcconfig"; path = "Pods/Target Support Files/Pods-TutuTestAppTests/Pods-TutuTestAppTests.debug.xcconfig"; sourceTree = "<group>"; };
		E62B93E835D11B376AE6DD04 /* Pods-TutuTestApp.release.xcconfig */ = {isa = PBXFileReference; includeInIndex = 1; lastKnownFileType = text.xcconfig; name = "Pods-TutuTestApp.release.xcconfig"; path = "Pods/Target Support Files/Pods-TutuTestApp/Pods-TutuTestApp.release.xcconfig"; sourceTree = "<group>"; };
/* End PBXFileReference section */

/* Begin PBXFrameworksBuildPhase section */
		D13C1FFF1DF87B5F00087D16 /* Frameworks */ = {
			isa = PBXFrameworksBuildPhase;
			buildActionMask = 2147483647;
			files = (
				D176CF4B1DFB081A0093D3FD /* MapKit.framework in Frameworks */,
				AED0248684993CD01926A66B /* libPods-TutuTestApp.a in Frameworks */,
			);
			runOnlyForDeploymentPostprocessing = 0;
		};
		D13C20181DF87B6000087D16 /* Frameworks */ = {
			isa = PBXFrameworksBuildPhase;
			buildActionMask = 2147483647;
			files = (
				F1E889216F4368986114F159 /* libPods-TutuTestAppTests.a in Frameworks */,
			);
			runOnlyForDeploymentPostprocessing = 0;
		};
/* End PBXFrameworksBuildPhase section */

/* Begin PBXGroup section */
		BFE0659B8287171032BF5FA4 /* Pods */ = {
			isa = PBXGroup;
			children = (
				4B597E88350182983EE17D42 /* Pods-TutuTestApp.debug.xcconfig */,
				E62B93E835D11B376AE6DD04 /* Pods-TutuTestApp.release.xcconfig */,
				E1B237011AD9A5A73878EBC6 /* Pods-TutuTestAppTests.debug.xcconfig */,
				8D231B6AE36577C2D73906FC /* Pods-TutuTestAppTests.release.xcconfig */,
			);
			name = Pods;
			sourceTree = "<group>";
		};
		D13C1FF91DF87B5F00087D16 = {
			isa = PBXGroup;
			children = (
				D13C20041DF87B5F00087D16 /* TutuTestApp */,
				D13C201E1DF87B6000087D16 /* TutuTestAppTests */,
				D13C20031DF87B5F00087D16 /* Products */,
				D176CF491DFB081A0093D3FD /* Frameworks */,
				BFE0659B8287171032BF5FA4 /* Pods */,
			);
			sourceTree = "<group>";
		};
		D13C20031DF87B5F00087D16 /* Products */ = {
			isa = PBXGroup;
			children = (
				D13C20021DF87B5F00087D16 /* TutuTestApp.app */,
				D13C201B1DF87B6000087D16 /* TutuTestAppTests.xctest */,
			);
			name = Products;
			sourceTree = "<group>";
		};
		D13C20041DF87B5F00087D16 /* TutuTestApp */ = {
			isa = PBXGroup;
			children = (
				D13C202F1DFA14AB00087D16 /* Controllers */,
				D176CF2B1DFA23890093D3FD /* Model */,
				D176CF521DFB20180093D3FD /* View */,
				D13C20081DF87B6000087D16 /* AppDelegate.h */,
				D13C20091DF87B6000087D16 /* AppDelegate.m */,
				D176CF5B1DFDBBF40093D3FD /* Constants.h */,
				D176CF5C1DFDBBF40093D3FD /* Constants.m */,
				D13C200E1DF87B6000087D16 /* Main.storyboard */,
				D13C20131DF87B6000087D16 /* LaunchScreen.storyboard */,
				D13C20161DF87B6000087D16 /* Info.plist */,
				D176CF561DFD66F30093D3FD /* Assets.xcassets */,
				D13C20051DF87B6000087D16 /* Supporting Files */,
			);
			path = TutuTestApp;
			sourceTree = "<group>";
		};
		D13C20051DF87B6000087D16 /* Supporting Files */ = {
			isa = PBXGroup;
			children = (
				D13C20061DF87B6000087D16 /* main.m */,
			);
			name = "Supporting Files";
			sourceTree = "<group>";
		};
		D13C201E1DF87B6000087D16 /* TutuTestAppTests */ = {
			isa = PBXGroup;
			children = (
				D13C201F1DF87B6000087D16 /* TutuTestAppTests.m */,
				D13C20211DF87B6000087D16 /* Info.plist */,
			);
			path = TutuTestAppTests;
			sourceTree = "<group>";
		};
		D13C202F1DFA14AB00087D16 /* Controllers */ = {
			isa = PBXGroup;
			children = (
				D13C202C1DF9F3BB00087D16 /* ScheduleTableViewController.h */,
				D13C202D1DF9F3BB00087D16 /* ScheduleTableViewController.m */,
				D176CF461DFB07700093D3FD /* ListTableViewController.h */,
				D176CF471DFB07700093D3FD /* ListTableViewController.m */,
				D176CF4C1DFB08670093D3FD /* DetailsViewController.h */,
				D176CF4D1DFB08670093D3FD /* DetailsViewController.m */,
				D176CF581DFD87130093D3FD /* CalendarViewController.h */,
				D176CF591DFD87130093D3FD /* CalendarViewController.m */,
			);
			name = Controllers;
			sourceTree = "<group>";
		};
		D176CF2B1DFA23890093D3FD /* Model */ = {
			isa = PBXGroup;
			children = (
				D176CF3B1DFA26B90093D3FD /* ModelCities.h */,
				D176CF3C1DFA26B90093D3FD /* ModelCities.m */,
				D176CF381DFA26930093D3FD /* ModelCity.h */,
				D176CF391DFA26930093D3FD /* ModelCity.m */,
				D176CF351DFA26780093D3FD /* ModelPoint.h */,
				D176CF361DFA26780093D3FD /* ModelPoint.m */,
				D176CF3E1DFA26D50093D3FD /* ModelStation.h */,
				D176CF3F1DFA26D50093D3FD /* ModelStation.m */,
				D176CF411DFA28F60093D3FD /* JSONReader.h */,
				D176CF421DFA28F60093D3FD /* JSONReader.m */,
				D176CF441DFA98490093D3FD /* allStations.json */,
			);
			name = Model;
			sourceTree = "<group>";
		};
		D176CF491DFB081A0093D3FD /* Frameworks */ = {
			isa = PBXGroup;
			children = (
				D176CF4A1DFB081A0093D3FD /* MapKit.framework */,
				75A5A50DB7DB62031AE8E6CB /* libPods-TutuTestApp.a */,
				2A81406F01E130A9F1143744 /* libPods-TutuTestAppTests.a */,
			);
			name = Frameworks;
			sourceTree = "<group>";
		};
		D176CF521DFB20180093D3FD /* View */ = {
			isa = PBXGroup;
			children = (
				D176CF4F1DFB20120093D3FD /* StationsListTableViewCell.h */,
				D176CF501DFB20120093D3FD /* StationsListTableViewCell.m */,
			);
			name = View;
			sourceTree = "<group>";
		};
/* End PBXGroup section */

/* Begin PBXNativeTarget section */
		D13C20011DF87B5F00087D16 /* TutuTestApp */ = {
			isa = PBXNativeTarget;
			buildConfigurationList = D13C20241DF87B6000087D16 /* Build configuration list for PBXNativeTarget "TutuTestApp" */;
			buildPhases = (
				0C1C84A71AEED3EF23ABC968 /* [CP] Check Pods Manifest.lock */,
				D13C1FFE1DF87B5F00087D16 /* Sources */,
				D13C1FFF1DF87B5F00087D16 /* Frameworks */,
				D13C20001DF87B5F00087D16 /* Resources */,
				4A651531F78BC54996CAFA32 /* [CP] Embed Pods Frameworks */,
				E4C9178D97771E871FFB2FF3 /* [CP] Copy Pods Resources */,
			);
			buildRules = (
			);
			dependencies = (
			);
			name = TutuTestApp;
			productName = TutuTestApp;
			productReference = D13C20021DF87B5F00087D16 /* TutuTestApp.app */;
			productType = "com.apple.product-type.application";
		};
		D13C201A1DF87B6000087D16 /* TutuTestAppTests */ = {
			isa = PBXNativeTarget;
			buildConfigurationList = D13C20271DF87B6000087D16 /* Build configuration list for PBXNativeTarget "TutuTestAppTests" */;
			buildPhases = (
				5AF1375787FF46E606356368 /* [CP] Check Pods Manifest.lock */,
				D13C20171DF87B6000087D16 /* Sources */,
				D13C20181DF87B6000087D16 /* Frameworks */,
				D13C20191DF87B6000087D16 /* Resources */,
				369B7F72A8B0505740D9D9D7 /* [CP] Embed Pods Frameworks */,
				037D06DE5C2A188F49ACE4B7 /* [CP] Copy Pods Resources */,
			);
			buildRules = (
			);
			dependencies = (
				D13C201D1DF87B6000087D16 /* PBXTargetDependency */,
			);
			name = TutuTestAppTests;
			productName = TutuTestAppTests;
			productReference = D13C201B1DF87B6000087D16 /* TutuTestAppTests.xctest */;
			productType = "com.apple.product-type.bundle.unit-test";
		};
/* End PBXNativeTarget section */

/* Begin PBXProject section */
		D13C1FFA1DF87B5F00087D16 /* Project object */ = {
			isa = PBXProject;
			attributes = {
				LastUpgradeCheck = 0810;
				ORGANIZATIONNAME = "Ekaterina Krasnova";
				TargetAttributes = {
					D13C20011DF87B5F00087D16 = {
						CreatedOnToolsVersion = 8.1;
						DevelopmentTeam = VFT96SPKF7;
						ProvisioningStyle = Automatic;
					};
					D13C201A1DF87B6000087D16 = {
						CreatedOnToolsVersion = 8.1;
						DevelopmentTeam = VFT96SPKF7;
						ProvisioningStyle = Automatic;
						TestTargetID = D13C20011DF87B5F00087D16;
					};
				};
			};
			buildConfigurationList = D13C1FFD1DF87B5F00087D16 /* Build configuration list for PBXProject "TutuTestApp" */;
			compatibilityVersion = "Xcode 3.2";
			developmentRegion = English;
			hasScannedForEncodings = 0;
			knownRegions = (
				en,
				Base,
			);
			mainGroup = D13C1FF91DF87B5F00087D16;
			productRefGroup = D13C20031DF87B5F00087D16 /* Products */;
			projectDirPath = "";
			projectRoot = "";
			targets = (
				D13C20011DF87B5F00087D16 /* TutuTestApp */,
				D13C201A1DF87B6000087D16 /* TutuTestAppTests */,
			);
		};
/* End PBXProject section */

/* Begin PBXResourcesBuildPhase section */
		D13C20001DF87B5F00087D16 /* Resources */ = {
			isa = PBXResourcesBuildPhase;
			buildActionMask = 2147483647;
			files = (
				D176CF571DFD66F30093D3FD /* Assets.xcassets in Resources */,
				D13C20151DF87B6000087D16 /* LaunchScreen.storyboard in Resources */,
				D176CF451DFA98490093D3FD /* allStations.json in Resources */,
				D13C20101DF87B6000087D16 /* Main.storyboard in Resources */,
			);
			runOnlyForDeploymentPostprocessing = 0;
		};
		D13C20191DF87B6000087D16 /* Resources */ = {
			isa = PBXResourcesBuildPhase;
			buildActionMask = 2147483647;
			files = (
			);
			runOnlyForDeploymentPostprocessing = 0;
		};
/* End PBXResourcesBuildPhase section */

/* Begin PBXShellScriptBuildPhase section */
		037D06DE5C2A188F49ACE4B7 /* [CP] Copy Pods Resources */ = {
			isa = PBXShellScriptBuildPhase;
			buildActionMask = 2147483647;
			files = (
			);
			inputPaths = (
			);
			name = "[CP] Copy Pods Resources";
			outputPaths = (
			);
			runOnlyForDeploymentPostprocessing = 0;
			shellPath = /bin/sh;
			shellScript = "\"${SRCROOT}/Pods/Target Support Files/Pods-TutuTestAppTests/Pods-TutuTestAppTests-resources.sh\"\n";
			showEnvVarsInLog = 0;
		};
		0C1C84A71AEED3EF23ABC968 /* [CP] Check Pods Manifest.lock */ = {
			isa = PBXShellScriptBuildPhase;
			buildActionMask = 2147483647;
			files = (
			);
			inputPaths = (
			);
			name = "[CP] Check Pods Manifest.lock";
			outputPaths = (
			);
			runOnlyForDeploymentPostprocessing = 0;
			shellPath = /bin/sh;
			shellScript = "diff \"${PODS_ROOT}/../Podfile.lock\" \"${PODS_ROOT}/Manifest.lock\" > /dev/null\nif [ $? != 0 ] ; then\n    # print error to STDERR\n    echo \"error: The sandbox is not in sync with the Podfile.lock. Run 'pod install' or update your CocoaPods installation.\" >&2\n    exit 1\nfi\n";
			showEnvVarsInLog = 0;
		};
		369B7F72A8B0505740D9D9D7 /* [CP] Embed Pods Frameworks */ = {
			isa = PBXShellScriptBuildPhase;
			buildActionMask = 2147483647;
			files = (
			);
			inputPaths = (
			);
			name = "[CP] Embed Pods Frameworks";
			outputPaths = (
			);
			runOnlyForDeploymentPostprocessing = 0;
			shellPath = /bin/sh;
			shellScript = "\"${SRCROOT}/Pods/Target Support Files/Pods-TutuTestAppTests/Pods-TutuTestAppTests-frameworks.sh\"\n";
			showEnvVarsInLog = 0;
		};
		4A651531F78BC54996CAFA32 /* [CP] Embed Pods Frameworks */ = {
			isa = PBXShellScriptBuildPhase;
			buildActionMask = 2147483647;
			files = (
			);
			inputPaths = (
			);
			name = "[CP] Embed Pods Frameworks";
			outputPaths = (
			);
			runOnlyForDeploymentPostprocessing = 0;
			shellPath = /bin/sh;
			shellScript = "\"${SRCROOT}/Pods/Target Support Files/Pods-TutuTestApp/Pods-TutuTestApp-frameworks.sh\"\n";
			showEnvVarsInLog = 0;
		};
		5AF1375787FF46E606356368 /* [CP] Check Pods Manifest.lock */ = {
			isa = PBXShellScriptBuildPhase;
			buildActionMask = 2147483647;
			files = (
			);
			inputPaths = (
			);
			name = "[CP] Check Pods Manifest.lock";
			outputPaths = (
			);
			runOnlyForDeploymentPostprocessing = 0;
			shellPath = /bin/sh;
			shellScript = "diff \"${PODS_ROOT}/../Podfile.lock\" \"${PODS_ROOT}/Manifest.lock\" > /dev/null\nif [ $? != 0 ] ; then\n    # print error to STDERR\n    echo \"error: The sandbox is not in sync with the Podfile.lock. Run 'pod install' or update your CocoaPods installation.\" >&2\n    exit 1\nfi\n";
			showEnvVarsInLog = 0;
		};
		E4C9178D97771E871FFB2FF3 /* [CP] Copy Pods Resources */ = {
			isa = PBXShellScriptBuildPhase;
			buildActionMask = 2147483647;
			files = (
			);
			inputPaths = (
			);
			name = "[CP] Copy Pods Resources";
			outputPaths = (
			);
			runOnlyForDeploymentPostprocessing = 0;
			shellPath = /bin/sh;
			shellScript = "\"${SRCROOT}/Pods/Target Support Files/Pods-TutuTestApp/Pods-TutuTestApp-resources.sh\"\n";
			showEnvVarsInLog = 0;
		};
/* End PBXShellScriptBuildPhase section */

/* Begin PBXSourcesBuildPhase section */
		D13C1FFE1DF87B5F00087D16 /* Sources */ = {
			isa = PBXSourcesBuildPhase;
			buildActionMask = 2147483647;
			files = (
				D176CF3A1DFA26930093D3FD /* ModelCity.m in Sources */,
				D176CF4E1DFB08670093D3FD /* DetailsViewController.m in Sources */,
				D13C200A1DF87B6000087D16 /* AppDelegate.m in Sources */,
				D176CF401DFA26D50093D3FD /* ModelStation.m in Sources */,
				D176CF5A1DFD87130093D3FD /* CalendarViewController.m in Sources */,
				D176CF511DFB20120093D3FD /* StationsListTableViewCell.m in Sources */,
				D176CF3D1DFA26B90093D3FD /* ModelCities.m in Sources */,
				D176CF5D1DFDBBF40093D3FD /* Constants.m in Sources */,
				D176CF371DFA26780093D3FD /* ModelPoint.m in Sources */,
				D13C20071DF87B6000087D16 /* main.m in Sources */,
				D176CF431DFA28F60093D3FD /* JSONReader.m in Sources */,
				D13C202E1DF9F3BB00087D16 /* ScheduleTableViewController.m in Sources */,
				D176CF481DFB07700093D3FD /* ListTableViewController.m in Sources */,
			);
			runOnlyForDeploymentPostprocessing = 0;
		};
		D13C20171DF87B6000087D16 /* Sources */ = {
			isa = PBXSourcesBuildPhase;
			buildActionMask = 2147483647;
			files = (
				D13C20201DF87B6000087D16 /* TutuTestAppTests.m in Sources */,
			);
			runOnlyForDeploymentPostprocessing = 0;
		};
/* End PBXSourcesBuildPhase section */

/* Begin PBXTargetDependency section */
		D13C201D1DF87B6000087D16 /* PBXTargetDependency */ = {
			isa = PBXTargetDependency;
			target = D13C20011DF87B5F00087D16 /* TutuTestApp */;
			targetProxy = D13C201C1DF87B6000087D16 /* PBXContainerItemProxy */;
		};
/* End PBXTargetDependency section */

/* Begin PBXVariantGroup section */
		D13C200E1DF87B6000087D16 /* Main.storyboard */ = {
			isa = PBXVariantGroup;
			children = (
				D13C200F1DF87B6000087D16 /* Base */,
			);
			name = Main.storyboard;
			sourceTree = "<group>";
		};
		D13C20131DF87B6000087D16 /* LaunchScreen.storyboard */ = {
			isa = PBXVariantGroup;
			children = (
				D13C20141DF87B6000087D16 /* Base */,
			);
			name = LaunchScreen.storyboard;
			sourceTree = "<group>";
		};
/* End PBXVariantGroup section */

/* Begin XCBuildConfiguration section */
		D13C20221DF87B6000087D16 /* Debug */ = {
			isa = XCBuildConfiguration;
			buildSettings = {
				ALWAYS_SEARCH_USER_PATHS = NO;
				CLANG_ANALYZER_NONNULL = YES;
				CLANG_CXX_LANGUAGE_STANDARD = "gnu++0x";
				CLANG_CXX_LIBRARY = "libc++";
				CLANG_ENABLE_MODULES = YES;
				CLANG_ENABLE_OBJC_ARC = YES;
				CLANG_WARN_BOOL_CONVERSION = YES;
				CLANG_WARN_CONSTANT_CONVERSION = YES;
				CLANG_WARN_DIRECT_OBJC_ISA_USAGE = YES_ERROR;
				CLANG_WARN_DOCUMENTATION_COMMENTS = YES;
				CLANG_WARN_EMPTY_BODY = YES;
				CLANG_WARN_ENUM_CONVERSION = YES;
				CLANG_WARN_INFINITE_RECURSION = YES;
				CLANG_WARN_INT_CONVERSION = YES;
				CLANG_WARN_OBJC_ROOT_CLASS = YES_ERROR;
				CLANG_WARN_SUSPICIOUS_MOVES = YES;
				CLANG_WARN_UNREACHABLE_CODE = YES;
				CLANG_WARN__DUPLICATE_METHOD_MATCH = YES;
				"CODE_SIGN_IDENTITY[sdk=iphoneos*]" = "iPhone Developer";
				COPY_PHASE_STRIP = NO;
				DEBUG_INFORMATION_FORMAT = dwarf;
				ENABLE_STRICT_OBJC_MSGSEND = YES;
				ENABLE_TESTABILITY = YES;
				GCC_C_LANGUAGE_STANDARD = gnu99;
				GCC_DYNAMIC_NO_PIC = NO;
				GCC_NO_COMMON_BLOCKS = YES;
				GCC_OPTIMIZATION_LEVEL = 0;
				GCC_PREPROCESSOR_DEFINITIONS = (
					"DEBUG=1",
					"$(inherited)",
				);
				GCC_WARN_64_TO_32_BIT_CONVERSION = YES;
				GCC_WARN_ABOUT_RETURN_TYPE = YES_ERROR;
				GCC_WARN_UNDECLARED_SELECTOR = YES;
				GCC_WARN_UNINITIALIZED_AUTOS = YES_AGGRESSIVE;
				GCC_WARN_UNUSED_FUNCTION = YES;
				GCC_WARN_UNUSED_VARIABLE = YES;
				IPHONEOS_DEPLOYMENT_TARGET = 10.1;
				MTL_ENABLE_DEBUG_INFO = YES;
				ONLY_ACTIVE_ARCH = YES;
				SDKROOT = iphoneos;
				TARGETED_DEVICE_FAMILY = "1,2";
			};
			name = Debug;
		};
		D13C20231DF87B6000087D16 /* Release */ = {
			isa = XCBuildConfiguration;
			buildSettings = {
				ALWAYS_SEARCH_USER_PATHS = NO;
				CLANG_ANALYZER_NONNULL = YES;
				CLANG_CXX_LANGUAGE_STANDARD = "gnu++0x";
				CLANG_CXX_LIBRARY = "libc++";
				CLANG_ENABLE_MODULES = YES;
				CLANG_ENABLE_OBJC_ARC = YES;
				CLANG_WARN_BOOL_CONVERSION = YES;
				CLANG_WARN_CONSTANT_CONVERSION = YES;
				CLANG_WARN_DIRECT_OBJC_ISA_USAGE = YES_ERROR;
				CLANG_WARN_DOCUMENTATION_COMMENTS = YES;
				CLANG_WARN_EMPTY_BODY = YES;
				CLANG_WARN_ENUM_CONVERSION = YES;
				CLANG_WARN_INFINITE_RECURSION = YES;
				CLANG_WARN_INT_CONVERSION = YES;
				CLANG_WARN_OBJC_ROOT_CLASS = YES_ERROR;
				CLANG_WARN_SUSPICIOUS_MOVES = YES;
				CLANG_WARN_UNREACHABLE_CODE = YES;
				CLANG_WARN__DUPLICATE_METHOD_MATCH = YES;
				"CODE_SIGN_IDENTITY[sdk=iphoneos*]" = "iPhone Developer";
				COPY_PHASE_STRIP = NO;
				DEBUG_INFORMATION_FORMAT = "dwarf-with-dsym";
				ENABLE_NS_ASSERTIONS = NO;
				ENABLE_STRICT_OBJC_MSGSEND = YES;
				GCC_C_LANGUAGE_STANDARD = gnu99;
				GCC_NO_COMMON_BLOCKS = YES;
				GCC_WARN_64_TO_32_BIT_CONVERSION = YES;
				GCC_WARN_ABOUT_RETURN_TYPE = YES_ERROR;
				GCC_WARN_UNDECLARED_SELECTOR = YES;
				GCC_WARN_UNINITIALIZED_AUTOS = YES_AGGRESSIVE;
				GCC_WARN_UNUSED_FUNCTION = YES;
				GCC_WARN_UNUSED_VARIABLE = YES;
				IPHONEOS_DEPLOYMENT_TARGET = 10.1;
				MTL_ENABLE_DEBUG_INFO = NO;
				SDKROOT = iphoneos;
				TARGETED_DEVICE_FAMILY = "1,2";
				VALIDATE_PRODUCT = YES;
			};
			name = Release;
		};
		D13C20251DF87B6000087D16 /* Debug */ = {
			isa = XCBuildConfiguration;
			baseConfigurationReference = 4B597E88350182983EE17D42 /* Pods-TutuTestApp.debug.xcconfig */;
			buildSettings = {
				ASSETCATALOG_COMPILER_APPICON_NAME = AppIcon;
				DEVELOPMENT_TEAM = VFT96SPKF7;
				INFOPLIST_FILE = TutuTestApp/Info.plist;
				LD_RUNPATH_SEARCH_PATHS = "$(inherited) @executable_path/Frameworks";
				PRODUCT_BUNDLE_IDENTIFIER = novaK.TutuTestApp;
				PRODUCT_NAME = "$(TARGET_NAME)";
			};
			name = Debug;
		};
		D13C20261DF87B6000087D16 /* Release */ = {
			isa = XCBuildConfiguration;
			baseConfigurationReference = E62B93E835D11B376AE6DD04 /* Pods-TutuTestApp.release.xcconfig */;
			buildSettings = {
				ASSETCATALOG_COMPILER_APPICON_NAME = AppIcon;
				DEVELOPMENT_TEAM = VFT96SPKF7;
				INFOPLIST_FILE = TutuTestApp/Info.plist;
				LD_RUNPATH_SEARCH_PATHS = "$(inherited) @executable_path/Frameworks";
				PRODUCT_BUNDLE_IDENTIFIER = novaK.TutuTestApp;
				PRODUCT_NAME = "$(TARGET_NAME)";
			};
			name = Release;
		};
		D13C20281DF87B6000087D16 /* Debug */ = {
			isa = XCBuildConfiguration;
			baseConfigurationReference = E1B237011AD9A5A73878EBC6 /* Pods-TutuTestAppTests.debug.xcconfig */;
			buildSettings = {
				BUNDLE_LOADER = "$(TEST_HOST)";
				DEVELOPMENT_TEAM = VFT96SPKF7;
				INFOPLIST_FILE = TutuTestAppTests/Info.plist;
				LD_RUNPATH_SEARCH_PATHS = "$(inherited) @executable_path/Frameworks @loader_path/Frameworks";
				PRODUCT_BUNDLE_IDENTIFIER = novaK.TutuTestAppTests;
				PRODUCT_NAME = "$(TARGET_NAME)";
				TEST_HOST = "$(BUILT_PRODUCTS_DIR)/TutuTestApp.app/TutuTestApp";
			};
			name = Debug;
		};
		D13C20291DF87B6000087D16 /* Release */ = {
			isa = XCBuildConfiguration;
			baseConfigurationReference = 8D231B6AE36577C2D73906FC /* Pods-TutuTestAppTests.release.xcconfig */;
			buildSettings = {
				BUNDLE_LOADER = "$(TEST_HOST)";
				DEVELOPMENT_TEAM = VFT96SPKF7;
				INFOPLIST_FILE = TutuTestAppTests/Info.plist;
				LD_RUNPATH_SEARCH_PATHS = "$(inherited) @executable_path/Frameworks @loader_path/Frameworks";
				PRODUCT_BUNDLE_IDENTIFIER = novaK.TutuTestAppTests;
				PRODUCT_NAME = "$(TARGET_NAME)";
				TEST_HOST = "$(BUILT_PRODUCTS_DIR)/TutuTestApp.app/TutuTestApp";
			};
			name = Release;
		};
/* End XCBuildConfiguration section */

/* Begin XCConfigurationList section */
		D13C1FFD1DF87B5F00087D16 /* Build configuration list for PBXProject "TutuTestApp" */ = {
			isa = XCConfigurationList;
			buildConfigurations = (
				D13C20221DF87B6000087D16 /* Debug */,
				D13C20231DF87B6000087D16 /* Release */,
			);
			defaultConfigurationIsVisible = 0;
			defaultConfigurationName = Release;
		};
		D13C20241DF87B6000087D16 /* Build configuration list for PBXNativeTarget "TutuTestApp" */ = {
			isa = XCConfigurationList;
			buildConfigurations = (
				D13C20251DF87B6000087D16 /* Debug */,
				D13C20261DF87B6000087D16 /* Release */,
			);
			defaultConfigurationIsVisible = 0;
			defaultConfigurationName = Release;
		};
		D13C20271DF87B6000087D16 /* Build configuration list for PBXNativeTarget "TutuTestAppTests" */ = {
			isa = XCConfigurationList;
			buildConfigurations = (
				D13C20281DF87B6000087D16 /* Debug */,
				D13C20291DF87B6000087D16 /* Release */,
			);
			defaultConfigurationIsVisible = 0;
			defaultConfigurationName = Release;
		};
/* End XCConfigurationList section */
	};
	rootObject = D13C1FFA1DF87B5F00087D16 /* Project object */;
}
